
Microsoft Visual Studio Solution File, Format Version 12.00
# Visual Studio 15
VisualStudioVersion = 15.0.28307.168
MinimumVisualStudioVersion = 10.0.40219.1
Project("{FAE04EC0-301F-11D3-BF4B-00C04F79EFBC}") = "WebResources", "WebResources\WebResources.csproj", "{A97BB1DC-39DD-48BA-96CD-7B44764F54E9}"
EndProject
Project("{FAE04EC0-301F-11D3-BF4B-00C04F79EFBC}") = "CustomWorkflowActivities", "CustomWorkflowActivities\CustomWorkflowActivities.csproj", "{28B22190-C2AF-4DD1-8309-184B749F5AD0}"
EndProject
Project("{FAE04EC0-301F-11D3-BF4B-00C04F79EFBC}") = "Plugins", "Plugins\Plugins.csproj", "{CFEB786C-F138-445F-AAEF-CC55DB6B9AB9}"
EndProject
Global
	GlobalSection(SolutionConfigurationPlatforms) = preSolution
		Debug|Any CPU = Debug|Any CPU
		Release|Any CPU = Release|Any CPU
	EndGlobalSection
	GlobalSection(ProjectConfigurationPlatforms) = postSolution
		{A97BB1DC-39DD-48BA-96CD-7B44764F54E9}.Debug|Any CPU.ActiveCfg = Debug|Any CPU
		{A97BB1DC-39DD-48BA-96CD-7B44764F54E9}.Debug|Any CPU.Build.0 = Debug|Any CPU
		{A97BB1DC-39DD-48BA-96CD-7B44764F54E9}.Release|Any CPU.ActiveCfg = Release|Any CPU
		{A97BB1DC-39DD-48BA-96CD-7B44764F54E9}.Release|Any CPU.Build.0 = Release|Any CPU
		{28B22190-C2AF-4DD1-8309-184B749F5AD0}.Debug|Any CPU.ActiveCfg = Debug|Any CPU
		{28B22190-C2AF-4DD1-8309-184B749F5AD0}.Debug|Any CPU.Build.0 = Debug|Any CPU
		{28B22190-C2AF-4DD1-8309-184B749F5AD0}.Release|Any CPU.ActiveCfg = Release|Any CPU
		{28B22190-C2AF-4DD1-8309-184B749F5AD0}.Release|Any CPU.Build.0 = Release|Any CPU
		{CFEB786C-F138-445F-AAEF-CC55DB6B9AB9}.Debug|Any CPU.ActiveCfg = Debug|Any CPU
		{CFEB786C-F138-445F-AAEF-CC55DB6B9AB9}.Debug|Any CPU.Build.0 = Debug|Any CPU
		{CFEB786C-F138-445F-AAEF-CC55DB6B9AB9}.Release|Any CPU.ActiveCfg = Release|Any CPU
		{CFEB786C-F138-445F-AAEF-CC55DB6B9AB9}.Release|Any CPU.Build.0 = Release|Any CPU
	EndGlobalSection
	GlobalSection(SolutionProperties) = preSolution
		HideSolutionNode = FALSE
	EndGlobalSection
	GlobalSection(ExtensibilityGlobals) = postSolution
		SolutionGuid = {877D1C29-CA1D-41E7-B399-F12A75145AF5}
	EndGlobalSection
EndGlobal
